
Microsoft Visual Studio Solution File, Format Version 12.00
# Visual Studio Version 17
VisualStudioVersion = 17.3.32929.385
MinimumVisualStudioVersion = 10.0.40219.1
Project("{FAE04EC0-301F-11D3-BF4B-00C04F79EFBC}") = "Queens_Attack", "Queens_Attack\Queens_Attack.csproj", "{AAFF6D62-35E7-42CE-BA63-46DE364DEA4C}"
EndProject
Global
	GlobalSection(SolutionConfigurationPlatforms) = preSolution
		Debug|Any CPU = Debug|Any CPU
		Release|Any CPU = Release|Any CPU
	EndGlobalSection
	GlobalSection(ProjectConfigurationPlatforms) = postSolution
		{AAFF6D62-35E7-42CE-BA63-46DE364DEA4C}.Debug|Any CPU.ActiveCfg = Debug|Any CPU
		{AAFF6D62-35E7-42CE-BA63-46DE364DEA4C}.Debug|Any CPU.Build.0 = Debug|Any CPU
		{AAFF6D62-35E7-42CE-BA63-46DE364DEA4C}.Release|Any CPU.ActiveCfg = Release|Any CPU
		{AAFF6D62-35E7-42CE-BA63-46DE364DEA4C}.Release|Any CPU.Build.0 = Release|Any CPU
	EndGlobalSection
	GlobalSection(SolutionProperties) = preSolution
		HideSolutionNode = FALSE
	EndGlobalSection
	GlobalSection(ExtensibilityGlobals) = postSolution
		SolutionGuid = {941CF57E-A353-42C9-8A08-795DFADFDE86}
	EndGlobalSection
EndGlobal
