
Microsoft Visual Studio Solution File, Format Version 12.00
# Visual Studio Version 17
VisualStudioVersion = 17.3.32929.385
MinimumVisualStudioVersion = 10.0.40219.1
Project("{FAE04EC0-301F-11D3-BF4B-00C04F79EFBC}") = "SubarrayDivision", "SubarrayDivision\SubarrayDivision.csproj", "{1A3ED5D0-3DED-4C55-921D-79BB751F43E2}"
EndProject
Global
	GlobalSection(SolutionConfigurationPlatforms) = preSolution
		Debug|Any CPU = Debug|Any CPU
		Release|Any CPU = Release|Any CPU
	EndGlobalSection
	GlobalSection(ProjectConfigurationPlatforms) = postSolution
		{1A3ED5D0-3DED-4C55-921D-79BB751F43E2}.Debug|Any CPU.ActiveCfg = Debug|Any CPU
		{1A3ED5D0-3DED-4C55-921D-79BB751F43E2}.Debug|Any CPU.Build.0 = Debug|Any CPU
		{1A3ED5D0-3DED-4C55-921D-79BB751F43E2}.Release|Any CPU.ActiveCfg = Release|Any CPU
		{1A3ED5D0-3DED-4C55-921D-79BB751F43E2}.Release|Any CPU.Build.0 = Release|Any CPU
	EndGlobalSection
	GlobalSection(SolutionProperties) = preSolution
		HideSolutionNode = FALSE
	EndGlobalSection
	GlobalSection(ExtensibilityGlobals) = postSolution
		SolutionGuid = {C3E9E252-0D7D-4430-913C-E3A58F73294B}
	EndGlobalSection
EndGlobal
