
Microsoft Visual Studio Solution File, Format Version 12.00
# Visual Studio Version 17
VisualStudioVersion = 17.3.32929.385
MinimumVisualStudioVersion = 10.0.40219.1
Project("{FAE04EC0-301F-11D3-BF4B-00C04F79EFBC}") = "DivisibleSumPairs", "DivisibleSumPairs\DivisibleSumPairs.csproj", "{A2F0682F-1BF4-462C-916C-F12A77413578}"
EndProject
Global
	GlobalSection(SolutionConfigurationPlatforms) = preSolution
		Debug|Any CPU = Debug|Any CPU
		Release|Any CPU = Release|Any CPU
	EndGlobalSection
	GlobalSection(ProjectConfigurationPlatforms) = postSolution
		{A2F0682F-1BF4-462C-916C-F12A77413578}.Debug|Any CPU.ActiveCfg = Debug|Any CPU
		{A2F0682F-1BF4-462C-916C-F12A77413578}.Debug|Any CPU.Build.0 = Debug|Any CPU
		{A2F0682F-1BF4-462C-916C-F12A77413578}.Release|Any CPU.ActiveCfg = Release|Any CPU
		{A2F0682F-1BF4-462C-916C-F12A77413578}.Release|Any CPU.Build.0 = Release|Any CPU
	EndGlobalSection
	GlobalSection(SolutionProperties) = preSolution
		HideSolutionNode = FALSE
	EndGlobalSection
	GlobalSection(ExtensibilityGlobals) = postSolution
		SolutionGuid = {B18BFEE4-3D5D-4A65-9E9C-8EDEC8181303}
	EndGlobalSection
EndGlobal
